
Microsoft Visual Studio Solution File, Format Version 12.00
# Visual Studio Version 17
VisualStudioVersion = 17.14.36804.6 d17.14
MinimumVisualStudioVersion = 10.0.40219.1
Project("{FAE04EC0-301F-11D3-BF4B-00C04F79EFBC}") = "MVCEFDBFirst1", "MVCEFDBFirst1\MVCEFDBFirst1.csproj", "{647225FF-7F32-4DF9-BE89-FB9D4FEF73C8}"
EndProject
Global
	GlobalSection(SolutionConfigurationPlatforms) = preSolution
		Debug|Any CPU = Debug|Any CPU
		Release|Any CPU = Release|Any CPU
	EndGlobalSection
	GlobalSection(ProjectConfigurationPlatforms) = postSolution
		{647225FF-7F32-4DF9-BE89-FB9D4FEF73C8}.Debug|Any CPU.ActiveCfg = Debug|Any CPU
		{647225FF-7F32-4DF9-BE89-FB9D4FEF73C8}.Debug|Any CPU.Build.0 = Debug|Any CPU
		{647225FF-7F32-4DF9-BE89-FB9D4FEF73C8}.Release|Any CPU.ActiveCfg = Release|Any CPU
		{647225FF-7F32-4DF9-BE89-FB9D4FEF73C8}.Release|Any CPU.Build.0 = Release|Any CPU
	EndGlobalSection
	GlobalSection(SolutionProperties) = preSolution
		HideSolutionNode = FALSE
	EndGlobalSection
	GlobalSection(ExtensibilityGlobals) = postSolution
		SolutionGuid = {415A1D80-A4E1-420E-A680-BDAAE893B46D}
	EndGlobalSection
EndGlobal
